
Microsoft Visual Studio Solution File, Format Version 12.00
# Visual Studio 2013
VisualStudioVersion = 12.0.31101.0
MinimumVisualStudioVersion = 10.0.40219.1
Project("{2150E333-8FDC-42A3-9474-1A3956D46DE8}") = "Application Layer", "Application Layer", "{944FC6AF-1E37-4429-B296-9E30A430EDCD}"
EndProject
Project("{FAE04EC0-301F-11D3-BF4B-00C04F79EFBC}") = "SIGCOMT.Converter", "Application Layer\SIGCOMT.Converter\SIGCOMT.Converter.csproj", "{72EF12FA-DE5C-4864-BD46-E30F06A3296A}"
EndProject
Project("{FAE04EC0-301F-11D3-BF4B-00C04F79EFBC}") = "SIGCOMT.DTO", "Application Layer\SIGCOMT.DTO\SIGCOMT.DTO.csproj", "{F2DBF062-AA20-4DB9-AD01-71CE2A74119D}"
EndProject
Project("{2150E333-8FDC-42A3-9474-1A3956D46DE8}") = ".nuget", ".nuget", "{EE8D21E3-AE35-4998-B36D-148C5B751F0A}"
	ProjectSection(SolutionItems) = preProject
		.nuget\NuGet.Config = .nuget\NuGet.Config
		.nuget\NuGet.exe = .nuget\NuGet.exe
		.nuget\NuGet.targets = .nuget\NuGet.targets
	EndProjectSection
EndProject
Project("{2150E333-8FDC-42A3-9474-1A3956D46DE8}") = "Domain Layer", "Domain Layer", "{30DB7A31-9CF5-42EA-ABF3-735AAE680CBF}"
EndProject
Project("{FAE04EC0-301F-11D3-BF4B-00C04F79EFBC}") = "SIGCOMT.Domain", "Domain Layer\SIGCOMT.Domain\SIGCOMT.Domain.csproj", "{F24F1B4D-0A22-49BE-A252-450D3F42C517}"
EndProject
Project("{2150E333-8FDC-42A3-9474-1A3956D46DE8}") = "Persistence Layer", "Persistence Layer", "{AB1350D5-91F7-4031-915E-AA6828AEC198}"
EndProject
Project("{FAE04EC0-301F-11D3-BF4B-00C04F79EFBC}") = "SIGCOMT.Persistence", "Persistence Layer\SIGCOMT.Persistence\SIGCOMT.Persistence.csproj", "{1E63DBB3-65E5-49FF-B733-1A2CF7F4D83C}"
EndProject
Project("{FAE04EC0-301F-11D3-BF4B-00C04F79EFBC}") = "SIGCOMT.Repository", "Persistence Layer\SIGCOMT.Repository\SIGCOMT.Repository.csproj", "{76EAE42F-21B9-4988-A4F3-310C7147F99D}"
EndProject
Project("{FAE04EC0-301F-11D3-BF4B-00C04F79EFBC}") = "SIGCOMT.Repository.SqlServer", "Persistence Layer\SIGCOMT.Repository.SqlServer\SIGCOMT.Repository.SqlServer.csproj", "{E72C2461-CF62-4442-B453-B57876B51181}"
EndProject
Project("{2150E333-8FDC-42A3-9474-1A3956D46DE8}") = "Services Layer", "Services Layer", "{5B6763F8-AB7B-4E17-AC7F-13A7E874E50F}"
EndProject
Project("{FAE04EC0-301F-11D3-BF4B-00C04F79EFBC}") = "SIGCOMT.BusinessLogic", "Services Layer\SIGCOMT.BusinessLogic\SIGCOMT.BusinessLogic.csproj", "{20F8C763-7C9A-4BF0-8BEF-9031B15D2C33}"
EndProject
Project("{2150E333-8FDC-42A3-9474-1A3956D46DE8}") = "Transversal Layer", "Transversal Layer", "{2B7A3A93-53A2-431B-911F-A6219C1544B0}"
EndProject
Project("{FAE04EC0-301F-11D3-BF4B-00C04F79EFBC}") = "SIGCOMT.Aspects", "Transversal Layer\SIGCOMT.Aspects\SIGCOMT.Aspects.csproj", "{07C6FACE-AF04-4E42-A202-CA600280EE34}"
EndProject
Project("{FAE04EC0-301F-11D3-BF4B-00C04F79EFBC}") = "SIGCOMT.IoC", "Transversal Layer\SIGCOMT.IoC\SIGCOMT.IoC.csproj", "{2B775DD5-1E6C-402C-8596-64499E37FBD0}"
EndProject
Project("{2150E333-8FDC-42A3-9474-1A3956D46DE8}") = "Database Layer", "Database Layer", "{52D3F518-ABE2-4A0C-A077-1088FEFBC709}"
EndProject
Project("{FAE04EC0-301F-11D3-BF4B-00C04F79EFBC}") = "SIGCOMT.DataBase.Generator", "Database Layer\SIGCOMT.Database.Generator\SIGCOMT.DataBase.Generator.csproj", "{CD17081E-9E22-45E5-985A-335A79C1233A}"
EndProject
Project("{00D1A9C2-B5F0-4AF3-8072-F6C62B433612}") = "SIGCOMT.Database.Schema", "Database Layer\SIGCOMT.Database.Schema\SIGCOMT.Database.Schema.sqlproj", "{FEA45717-8C39-46B2-898A-4F5634557DB6}"
EndProject
Project("{2150E333-8FDC-42A3-9474-1A3956D46DE8}") = "Presentacion Layer", "Presentacion Layer", "{90E4A2A4-59C3-44C3-B3FB-9C8547ED48EB}"
EndProject
Project("{FAE04EC0-301F-11D3-BF4B-00C04F79EFBC}") = "SIGCOMT.RepositoryTest", "Persistence Layer\SIGCOMT.RepositoryTest\SIGCOMT.RepositoryTest.csproj", "{74B33093-C3FC-47AF-918D-DB333FA67B7A}"
EndProject
Project("{FAE04EC0-301F-11D3-BF4B-00C04F79EFBC}") = "SIGCOMT.Web", "Presentacion Layer\SIGCOMT.Web\SIGCOMT.Web.csproj", "{02ED4F00-F91B-4125-A6AE-F96F01BF8EBA}"
EndProject
Project("{FAE04EC0-301F-11D3-BF4B-00C04F79EFBC}") = "SIGCOMT.Cache", "Transversal Layer\SIGCOMT.Cache\SIGCOMT.Cache.csproj", "{495AEDE1-810C-49FB-A9D7-3CB472104EF2}"
EndProject
Project("{2150E333-8FDC-42A3-9474-1A3956D46DE8}") = "Template", "Template", "{5668272C-D5E9-4D07-96F7-6CD5F86B105F}"
EndProject
Project("{FAE04EC0-301F-11D3-BF4B-00C04F79EFBC}") = "SIGCOMT.Template", "Template\TemplateArquitectura\SIGCOMT.Template.csproj", "{99A12242-DFB7-450B-B28B-F17D14F5FD8C}"
EndProject
Project("{FAE04EC0-301F-11D3-BF4B-00C04F79EFBC}") = "SIGCOMT.Common", "Transversal Layer\SIGCOMT.Common\SIGCOMT.Common.csproj", "{E2803C4F-DCAB-4145-8B7E-22EBFF36DD0D}"
EndProject
Project("{FAE04EC0-301F-11D3-BF4B-00C04F79EFBC}") = "SIGCOMT.Email", "Transversal Layer\SIGCOMT.Email\SIGCOMT.Email.csproj", "{3EE524C4-C512-468B-930C-848740897C68}"
EndProject
Project("{FAE04EC0-301F-11D3-BF4B-00C04F79EFBC}") = "SIGCOMT.Resources", "Transversal Layer\SIGCOMT.Resources\SIGCOMT.Resources.csproj", "{7C829BE7-0AF2-432A-BFD3-6F4A697AF4B7}"
EndProject
Global
	GlobalSection(SolutionConfigurationPlatforms) = preSolution
		Debug|Any CPU = Debug|Any CPU
		Release|Any CPU = Release|Any CPU
	EndGlobalSection
	GlobalSection(ProjectConfigurationPlatforms) = postSolution
		{72EF12FA-DE5C-4864-BD46-E30F06A3296A}.Debug|Any CPU.ActiveCfg = Debug|Any CPU
		{72EF12FA-DE5C-4864-BD46-E30F06A3296A}.Debug|Any CPU.Build.0 = Debug|Any CPU
		{72EF12FA-DE5C-4864-BD46-E30F06A3296A}.Release|Any CPU.ActiveCfg = Release|Any CPU
		{72EF12FA-DE5C-4864-BD46-E30F06A3296A}.Release|Any CPU.Build.0 = Release|Any CPU
		{F2DBF062-AA20-4DB9-AD01-71CE2A74119D}.Debug|Any CPU.ActiveCfg = Debug|Any CPU
		{F2DBF062-AA20-4DB9-AD01-71CE2A74119D}.Debug|Any CPU.Build.0 = Debug|Any CPU
		{F2DBF062-AA20-4DB9-AD01-71CE2A74119D}.Release|Any CPU.ActiveCfg = Release|Any CPU
		{F2DBF062-AA20-4DB9-AD01-71CE2A74119D}.Release|Any CPU.Build.0 = Release|Any CPU
		{F24F1B4D-0A22-49BE-A252-450D3F42C517}.Debug|Any CPU.ActiveCfg = Debug|Any CPU
		{F24F1B4D-0A22-49BE-A252-450D3F42C517}.Debug|Any CPU.Build.0 = Debug|Any CPU
		{F24F1B4D-0A22-49BE-A252-450D3F42C517}.Release|Any CPU.ActiveCfg = Release|Any CPU
		{F24F1B4D-0A22-49BE-A252-450D3F42C517}.Release|Any CPU.Build.0 = Release|Any CPU
		{1E63DBB3-65E5-49FF-B733-1A2CF7F4D83C}.Debug|Any CPU.ActiveCfg = Debug|Any CPU
		{1E63DBB3-65E5-49FF-B733-1A2CF7F4D83C}.Debug|Any CPU.Build.0 = Debug|Any CPU
		{1E63DBB3-65E5-49FF-B733-1A2CF7F4D83C}.Release|Any CPU.ActiveCfg = Release|Any CPU
		{1E63DBB3-65E5-49FF-B733-1A2CF7F4D83C}.Release|Any CPU.Build.0 = Release|Any CPU
		{76EAE42F-21B9-4988-A4F3-310C7147F99D}.Debug|Any CPU.ActiveCfg = Debug|Any CPU
		{76EAE42F-21B9-4988-A4F3-310C7147F99D}.Debug|Any CPU.Build.0 = Debug|Any CPU
		{76EAE42F-21B9-4988-A4F3-310C7147F99D}.Release|Any CPU.ActiveCfg = Release|Any CPU
		{76EAE42F-21B9-4988-A4F3-310C7147F99D}.Release|Any CPU.Build.0 = Release|Any CPU
		{E72C2461-CF62-4442-B453-B57876B51181}.Debug|Any CPU.ActiveCfg = Debug|Any CPU
		{E72C2461-CF62-4442-B453-B57876B51181}.Debug|Any CPU.Build.0 = Debug|Any CPU
		{E72C2461-CF62-4442-B453-B57876B51181}.Release|Any CPU.ActiveCfg = Release|Any CPU
		{E72C2461-CF62-4442-B453-B57876B51181}.Release|Any CPU.Build.0 = Release|Any CPU
		{20F8C763-7C9A-4BF0-8BEF-9031B15D2C33}.Debug|Any CPU.ActiveCfg = Debug|Any CPU
		{20F8C763-7C9A-4BF0-8BEF-9031B15D2C33}.Debug|Any CPU.Build.0 = Debug|Any CPU
		{20F8C763-7C9A-4BF0-8BEF-9031B15D2C33}.Release|Any CPU.ActiveCfg = Release|Any CPU
		{20F8C763-7C9A-4BF0-8BEF-9031B15D2C33}.Release|Any CPU.Build.0 = Release|Any CPU
		{07C6FACE-AF04-4E42-A202-CA600280EE34}.Debug|Any CPU.ActiveCfg = Debug|Any CPU
		{07C6FACE-AF04-4E42-A202-CA600280EE34}.Debug|Any CPU.Build.0 = Debug|Any CPU
		{07C6FACE-AF04-4E42-A202-CA600280EE34}.Release|Any CPU.ActiveCfg = Release|Any CPU
		{07C6FACE-AF04-4E42-A202-CA600280EE34}.Release|Any CPU.Build.0 = Release|Any CPU
		{2B775DD5-1E6C-402C-8596-64499E37FBD0}.Debug|Any CPU.ActiveCfg = Debug|Any CPU
		{2B775DD5-1E6C-402C-8596-64499E37FBD0}.Debug|Any CPU.Build.0 = Debug|Any CPU
		{2B775DD5-1E6C-402C-8596-64499E37FBD0}.Release|Any CPU.ActiveCfg = Release|Any CPU
		{2B775DD5-1E6C-402C-8596-64499E37FBD0}.Release|Any CPU.Build.0 = Release|Any CPU
		{CD17081E-9E22-45E5-985A-335A79C1233A}.Debug|Any CPU.ActiveCfg = Debug|Any CPU
		{CD17081E-9E22-45E5-985A-335A79C1233A}.Debug|Any CPU.Build.0 = Debug|Any CPU
		{CD17081E-9E22-45E5-985A-335A79C1233A}.Release|Any CPU.ActiveCfg = Release|Any CPU
		{CD17081E-9E22-45E5-985A-335A79C1233A}.Release|Any CPU.Build.0 = Release|Any CPU
		{FEA45717-8C39-46B2-898A-4F5634557DB6}.Debug|Any CPU.ActiveCfg = Debug|Any CPU
		{FEA45717-8C39-46B2-898A-4F5634557DB6}.Debug|Any CPU.Build.0 = Debug|Any CPU
		{FEA45717-8C39-46B2-898A-4F5634557DB6}.Debug|Any CPU.Deploy.0 = Debug|Any CPU
		{FEA45717-8C39-46B2-898A-4F5634557DB6}.Release|Any CPU.ActiveCfg = Release|Any CPU
		{FEA45717-8C39-46B2-898A-4F5634557DB6}.Release|Any CPU.Build.0 = Release|Any CPU
		{FEA45717-8C39-46B2-898A-4F5634557DB6}.Release|Any CPU.Deploy.0 = Release|Any CPU
		{74B33093-C3FC-47AF-918D-DB333FA67B7A}.Debug|Any CPU.ActiveCfg = Debug|Any CPU
		{74B33093-C3FC-47AF-918D-DB333FA67B7A}.Debug|Any CPU.Build.0 = Debug|Any CPU
		{74B33093-C3FC-47AF-918D-DB333FA67B7A}.Release|Any CPU.ActiveCfg = Release|Any CPU
		{74B33093-C3FC-47AF-918D-DB333FA67B7A}.Release|Any CPU.Build.0 = Release|Any CPU
		{02ED4F00-F91B-4125-A6AE-F96F01BF8EBA}.Debug|Any CPU.ActiveCfg = Debug|Any CPU
		{02ED4F00-F91B-4125-A6AE-F96F01BF8EBA}.Debug|Any CPU.Build.0 = Debug|Any CPU
		{02ED4F00-F91B-4125-A6AE-F96F01BF8EBA}.Release|Any CPU.ActiveCfg = Release|Any CPU
		{02ED4F00-F91B-4125-A6AE-F96F01BF8EBA}.Release|Any CPU.Build.0 = Release|Any CPU
		{495AEDE1-810C-49FB-A9D7-3CB472104EF2}.Debug|Any CPU.ActiveCfg = Debug|Any CPU
		{495AEDE1-810C-49FB-A9D7-3CB472104EF2}.Debug|Any CPU.Build.0 = Debug|Any CPU
		{495AEDE1-810C-49FB-A9D7-3CB472104EF2}.Release|Any CPU.ActiveCfg = Release|Any CPU
		{495AEDE1-810C-49FB-A9D7-3CB472104EF2}.Release|Any CPU.Build.0 = Release|Any CPU
		{99A12242-DFB7-450B-B28B-F17D14F5FD8C}.Debug|Any CPU.ActiveCfg = Debug|Any CPU
		{99A12242-DFB7-450B-B28B-F17D14F5FD8C}.Debug|Any CPU.Build.0 = Debug|Any CPU
		{99A12242-DFB7-450B-B28B-F17D14F5FD8C}.Release|Any CPU.ActiveCfg = Release|Any CPU
		{99A12242-DFB7-450B-B28B-F17D14F5FD8C}.Release|Any CPU.Build.0 = Release|Any CPU
		{E2803C4F-DCAB-4145-8B7E-22EBFF36DD0D}.Debug|Any CPU.ActiveCfg = Debug|Any CPU
		{E2803C4F-DCAB-4145-8B7E-22EBFF36DD0D}.Debug|Any CPU.Build.0 = Debug|Any CPU
		{E2803C4F-DCAB-4145-8B7E-22EBFF36DD0D}.Release|Any CPU.ActiveCfg = Release|Any CPU
		{E2803C4F-DCAB-4145-8B7E-22EBFF36DD0D}.Release|Any CPU.Build.0 = Release|Any CPU
		{3EE524C4-C512-468B-930C-848740897C68}.Debug|Any CPU.ActiveCfg = Debug|Any CPU
		{3EE524C4-C512-468B-930C-848740897C68}.Debug|Any CPU.Build.0 = Debug|Any CPU
		{3EE524C4-C512-468B-930C-848740897C68}.Release|Any CPU.ActiveCfg = Release|Any CPU
		{3EE524C4-C512-468B-930C-848740897C68}.Release|Any CPU.Build.0 = Release|Any CPU
		{7C829BE7-0AF2-432A-BFD3-6F4A697AF4B7}.Debug|Any CPU.ActiveCfg = Debug|Any CPU
		{7C829BE7-0AF2-432A-BFD3-6F4A697AF4B7}.Debug|Any CPU.Build.0 = Debug|Any CPU
		{7C829BE7-0AF2-432A-BFD3-6F4A697AF4B7}.Release|Any CPU.ActiveCfg = Release|Any CPU
		{7C829BE7-0AF2-432A-BFD3-6F4A697AF4B7}.Release|Any CPU.Build.0 = Release|Any CPU
	EndGlobalSection
	GlobalSection(SolutionProperties) = preSolution
		HideSolutionNode = FALSE
	EndGlobalSection
	GlobalSection(NestedProjects) = preSolution
		{72EF12FA-DE5C-4864-BD46-E30F06A3296A} = {944FC6AF-1E37-4429-B296-9E30A430EDCD}
		{F2DBF062-AA20-4DB9-AD01-71CE2A74119D} = {944FC6AF-1E37-4429-B296-9E30A430EDCD}
		{F24F1B4D-0A22-49BE-A252-450D3F42C517} = {30DB7A31-9CF5-42EA-ABF3-735AAE680CBF}
		{1E63DBB3-65E5-49FF-B733-1A2CF7F4D83C} = {AB1350D5-91F7-4031-915E-AA6828AEC198}
		{76EAE42F-21B9-4988-A4F3-310C7147F99D} = {AB1350D5-91F7-4031-915E-AA6828AEC198}
		{E72C2461-CF62-4442-B453-B57876B51181} = {AB1350D5-91F7-4031-915E-AA6828AEC198}
		{20F8C763-7C9A-4BF0-8BEF-9031B15D2C33} = {5B6763F8-AB7B-4E17-AC7F-13A7E874E50F}
		{07C6FACE-AF04-4E42-A202-CA600280EE34} = {2B7A3A93-53A2-431B-911F-A6219C1544B0}
		{2B775DD5-1E6C-402C-8596-64499E37FBD0} = {2B7A3A93-53A2-431B-911F-A6219C1544B0}
		{CD17081E-9E22-45E5-985A-335A79C1233A} = {52D3F518-ABE2-4A0C-A077-1088FEFBC709}
		{FEA45717-8C39-46B2-898A-4F5634557DB6} = {52D3F518-ABE2-4A0C-A077-1088FEFBC709}
		{74B33093-C3FC-47AF-918D-DB333FA67B7A} = {AB1350D5-91F7-4031-915E-AA6828AEC198}
		{02ED4F00-F91B-4125-A6AE-F96F01BF8EBA} = {90E4A2A4-59C3-44C3-B3FB-9C8547ED48EB}
		{495AEDE1-810C-49FB-A9D7-3CB472104EF2} = {2B7A3A93-53A2-431B-911F-A6219C1544B0}
		{99A12242-DFB7-450B-B28B-F17D14F5FD8C} = {5668272C-D5E9-4D07-96F7-6CD5F86B105F}
		{E2803C4F-DCAB-4145-8B7E-22EBFF36DD0D} = {2B7A3A93-53A2-431B-911F-A6219C1544B0}
		{3EE524C4-C512-468B-930C-848740897C68} = {2B7A3A93-53A2-431B-911F-A6219C1544B0}
		{7C829BE7-0AF2-432A-BFD3-6F4A697AF4B7} = {2B7A3A93-53A2-431B-911F-A6219C1544B0}
	EndGlobalSection
EndGlobal
